
Microsoft Visual Studio Solution File, Format Version 12.00
# Visual Studio Version 17
VisualStudioVersion = 17.10.34928.147
MinimumVisualStudioVersion = 10.0.40219.1
Project("{FAE04EC0-301F-11D3-BF4B-00C04F79EFBC}") = "Messenger", "Messenger\Messenger.csproj", "{0D03E51F-4467-4764-A992-B5855F97BCEE}"
EndProject
Global
	GlobalSection(SolutionConfigurationPlatforms) = preSolution
		Debug|Any CPU = Debug|Any CPU
		Release|Any CPU = Release|Any CPU
	EndGlobalSection
	GlobalSection(ProjectConfigurationPlatforms) = postSolution
		{0D03E51F-4467-4764-A992-B5855F97BCEE}.Debug|Any CPU.ActiveCfg = Debug|Any CPU
		{0D03E51F-4467-4764-A992-B5855F97BCEE}.Debug|Any CPU.Build.0 = Debug|Any CPU
		{0D03E51F-4467-4764-A992-B5855F97BCEE}.Release|Any CPU.ActiveCfg = Release|Any CPU
		{0D03E51F-4467-4764-A992-B5855F97BCEE}.Release|Any CPU.Build.0 = Release|Any CPU
	EndGlobalSection
	GlobalSection(SolutionProperties) = preSolution
		HideSolutionNode = FALSE
	EndGlobalSection
	GlobalSection(ExtensibilityGlobals) = postSolution
		SolutionGuid = {01634077-836A-46AD-AB05-05EF4C0CDE08}
	EndGlobalSection
EndGlobal
