
Microsoft Visual Studio Solution File, Format Version 12.00
# Visual Studio Version 17
VisualStudioVersion = 17.10.34928.147
MinimumVisualStudioVersion = 10.0.40219.1
Project("{9A19103F-16F7-4668-BE54-9A1E7A4F7556}") = "Web_miniCRM", "Web_miniCRM\Web_miniCRM.csproj", "{3BCDA969-ABBF-4CF2-980B-B12B31D5C252}"
EndProject
Project("{2150E333-8FDC-42A3-9474-1A3956D46DE8}") = "Domain", "Domain", "{83F3F6CC-6493-4F4A-9882-F20186A8DBAE}"
EndProject
Project("{9A19103F-16F7-4668-BE54-9A1E7A4F7556}") = "Web_miniCRM.Domain", "Web_miniCRM.Domain\Web_miniCRM.Domain.csproj", "{61A17C3C-B2A4-4A6B-8FFF-81A4B1EC1AB3}"
EndProject
Project("{2150E333-8FDC-42A3-9474-1A3956D46DE8}") = "DAL", "DAL", "{97047B4A-D496-4377-9328-0A3176438471}"
EndProject
Project("{9A19103F-16F7-4668-BE54-9A1E7A4F7556}") = "Web_miniCRM.DAL", "Web_miniCRM.DAL\Web_miniCRM.DAL.csproj", "{3329A7B9-C7DB-4D06-8C60-EC483AAA417F}"
EndProject
Project("{2150E333-8FDC-42A3-9474-1A3956D46DE8}") = "Service", "Service", "{8CF4390D-578A-4427-A920-D6B4FACD2219}"
EndProject
Project("{FAE04EC0-301F-11D3-BF4B-00C04F79EFBC}") = "Web_miniCRM.Service", "Web_miniCRM.Service\Web_miniCRM.Service.csproj", "{0FEDBDF0-6679-410C-BCE3-EB2BCC01FFA4}"
EndProject
Global
	GlobalSection(SolutionConfigurationPlatforms) = preSolution
		Debug|Any CPU = Debug|Any CPU
		Release|Any CPU = Release|Any CPU
	EndGlobalSection
	GlobalSection(ProjectConfigurationPlatforms) = postSolution
		{3BCDA969-ABBF-4CF2-980B-B12B31D5C252}.Debug|Any CPU.ActiveCfg = Debug|Any CPU
		{3BCDA969-ABBF-4CF2-980B-B12B31D5C252}.Debug|Any CPU.Build.0 = Debug|Any CPU
		{3BCDA969-ABBF-4CF2-980B-B12B31D5C252}.Release|Any CPU.ActiveCfg = Release|Any CPU
		{3BCDA969-ABBF-4CF2-980B-B12B31D5C252}.Release|Any CPU.Build.0 = Release|Any CPU
		{61A17C3C-B2A4-4A6B-8FFF-81A4B1EC1AB3}.Debug|Any CPU.ActiveCfg = Debug|Any CPU
		{61A17C3C-B2A4-4A6B-8FFF-81A4B1EC1AB3}.Debug|Any CPU.Build.0 = Debug|Any CPU
		{61A17C3C-B2A4-4A6B-8FFF-81A4B1EC1AB3}.Release|Any CPU.ActiveCfg = Release|Any CPU
		{61A17C3C-B2A4-4A6B-8FFF-81A4B1EC1AB3}.Release|Any CPU.Build.0 = Release|Any CPU
		{3329A7B9-C7DB-4D06-8C60-EC483AAA417F}.Debug|Any CPU.ActiveCfg = Debug|Any CPU
		{3329A7B9-C7DB-4D06-8C60-EC483AAA417F}.Debug|Any CPU.Build.0 = Debug|Any CPU
		{3329A7B9-C7DB-4D06-8C60-EC483AAA417F}.Release|Any CPU.ActiveCfg = Release|Any CPU
		{3329A7B9-C7DB-4D06-8C60-EC483AAA417F}.Release|Any CPU.Build.0 = Release|Any CPU
		{0FEDBDF0-6679-410C-BCE3-EB2BCC01FFA4}.Debug|Any CPU.ActiveCfg = Debug|Any CPU
		{0FEDBDF0-6679-410C-BCE3-EB2BCC01FFA4}.Debug|Any CPU.Build.0 = Debug|Any CPU
		{0FEDBDF0-6679-410C-BCE3-EB2BCC01FFA4}.Release|Any CPU.ActiveCfg = Release|Any CPU
		{0FEDBDF0-6679-410C-BCE3-EB2BCC01FFA4}.Release|Any CPU.Build.0 = Release|Any CPU
	EndGlobalSection
	GlobalSection(SolutionProperties) = preSolution
		HideSolutionNode = FALSE
	EndGlobalSection
	GlobalSection(NestedProjects) = preSolution
		{61A17C3C-B2A4-4A6B-8FFF-81A4B1EC1AB3} = {83F3F6CC-6493-4F4A-9882-F20186A8DBAE}
		{3329A7B9-C7DB-4D06-8C60-EC483AAA417F} = {97047B4A-D496-4377-9328-0A3176438471}
		{0FEDBDF0-6679-410C-BCE3-EB2BCC01FFA4} = {8CF4390D-578A-4427-A920-D6B4FACD2219}
	EndGlobalSection
	GlobalSection(ExtensibilityGlobals) = postSolution
		SolutionGuid = {CEDD3AB5-D547-4209-A7A5-4345517E39AE}
	EndGlobalSection
EndGlobal
