
Microsoft Visual Studio Solution File, Format Version 12.00
# Visual Studio Version 17
VisualStudioVersion = 17.10.34916.146
MinimumVisualStudioVersion = 10.0.40219.1
Project("{FAE04EC0-301F-11D3-BF4B-00C04F79EFBC}") = "WebAppMVC", "WebAppMVC\WebAppMVC.csproj", "{3A7B16F6-F200-4B71-8630-DBEC78ACD715}"
EndProject
Global
	GlobalSection(SolutionConfigurationPlatforms) = preSolution
		Debug|Any CPU = Debug|Any CPU
		Release|Any CPU = Release|Any CPU
	EndGlobalSection
	GlobalSection(ProjectConfigurationPlatforms) = postSolution
		{3A7B16F6-F200-4B71-8630-DBEC78ACD715}.Debug|Any CPU.ActiveCfg = Debug|Any CPU
		{3A7B16F6-F200-4B71-8630-DBEC78ACD715}.Debug|Any CPU.Build.0 = Debug|Any CPU
		{3A7B16F6-F200-4B71-8630-DBEC78ACD715}.Release|Any CPU.ActiveCfg = Release|Any CPU
		{3A7B16F6-F200-4B71-8630-DBEC78ACD715}.Release|Any CPU.Build.0 = Release|Any CPU
	EndGlobalSection
	GlobalSection(SolutionProperties) = preSolution
		HideSolutionNode = FALSE
	EndGlobalSection
	GlobalSection(ExtensibilityGlobals) = postSolution
		SolutionGuid = {06E8BF16-9789-4480-B00D-027AC5F00D20}
	EndGlobalSection
EndGlobal
