
Microsoft Visual Studio Solution File, Format Version 12.00
# Visual Studio Version 17
VisualStudioVersion = 17.10.34928.147
MinimumVisualStudioVersion = 10.0.40219.1
Project("{FAE04EC0-301F-11D3-BF4B-00C04F79EFBC}") = "TestWebApp", "TestWebApp\TestWebApp.csproj", "{49AEE924-4A58-4692-BF4B-6B3A60B4A27B}"
EndProject
Global
	GlobalSection(SolutionConfigurationPlatforms) = preSolution
		Debug|Any CPU = Debug|Any CPU
		Release|Any CPU = Release|Any CPU
	EndGlobalSection
	GlobalSection(ProjectConfigurationPlatforms) = postSolution
		{49AEE924-4A58-4692-BF4B-6B3A60B4A27B}.Debug|Any CPU.ActiveCfg = Debug|Any CPU
		{49AEE924-4A58-4692-BF4B-6B3A60B4A27B}.Debug|Any CPU.Build.0 = Debug|Any CPU
		{49AEE924-4A58-4692-BF4B-6B3A60B4A27B}.Release|Any CPU.ActiveCfg = Release|Any CPU
		{49AEE924-4A58-4692-BF4B-6B3A60B4A27B}.Release|Any CPU.Build.0 = Release|Any CPU
	EndGlobalSection
	GlobalSection(SolutionProperties) = preSolution
		HideSolutionNode = FALSE
	EndGlobalSection
	GlobalSection(ExtensibilityGlobals) = postSolution
		SolutionGuid = {89D54130-3106-415A-A438-FD6A9D5E7EDE}
	EndGlobalSection
EndGlobal
